
Microsoft Visual Studio Solution File, Format Version 12.00
# Visual Studio Version 17
VisualStudioVersion = 17.11.35219.272
MinimumVisualStudioVersion = 10.0.40219.1
Project("{FAE04EC0-301F-11D3-BF4B-00C04F79EFBC}") = "ConsoleAutoMapper_0", "ConsoleAutoMapper_0\ConsoleAutoMapper_0.csproj", "{10DE8F12-285D-4B7F-8118-766C25A743BC}"
EndProject
Global
	GlobalSection(SolutionConfigurationPlatforms) = preSolution
		Debug|Any CPU = Debug|Any CPU
		Release|Any CPU = Release|Any CPU
	EndGlobalSection
	GlobalSection(ProjectConfigurationPlatforms) = postSolution
		{10DE8F12-285D-4B7F-8118-766C25A743BC}.Debug|Any CPU.ActiveCfg = Debug|Any CPU
		{10DE8F12-285D-4B7F-8118-766C25A743BC}.Debug|Any CPU.Build.0 = Debug|Any CPU
		{10DE8F12-285D-4B7F-8118-766C25A743BC}.Release|Any CPU.ActiveCfg = Release|Any CPU
		{10DE8F12-285D-4B7F-8118-766C25A743BC}.Release|Any CPU.Build.0 = Release|Any CPU
	EndGlobalSection
	GlobalSection(SolutionProperties) = preSolution
		HideSolutionNode = FALSE
	EndGlobalSection
	GlobalSection(ExtensibilityGlobals) = postSolution
		SolutionGuid = {7B31F77F-56E6-4DB1-B74A-03F983FF0152}
	EndGlobalSection
EndGlobal
